
Microsoft Visual Studio Solution File, Format Version 12.00
# Visual Studio Version 16
VisualStudioVersion = 16.0.29613.14
MinimumVisualStudioVersion = 10.0.40219.1
Project("{8BC9CEB8-8B4A-11D0-8D11-00A0C91BC942}") = "SA1_proglang_test", "SA1_proglang_test.vcxproj", "{636059AC-B0E6-4AC1-91B4-79A4B3E11666}"
EndProject
Global
	GlobalSection(SolutionConfigurationPlatforms) = preSolution
		Debug|x64 = Debug|x64
		Debug|x86 = Debug|x86
		Release|x64 = Release|x64
		Release|x86 = Release|x86
	EndGlobalSection
	GlobalSection(ProjectConfigurationPlatforms) = postSolution
		{636059AC-B0E6-4AC1-91B4-79A4B3E11666}.Debug|x64.ActiveCfg = Debug|x64
		{636059AC-B0E6-4AC1-91B4-79A4B3E11666}.Debug|x64.Build.0 = Debug|x64
		{636059AC-B0E6-4AC1-91B4-79A4B3E11666}.Debug|x86.ActiveCfg = Debug|Win32
		{636059AC-B0E6-4AC1-91B4-79A4B3E11666}.Debug|x86.Build.0 = Debug|Win32
		{636059AC-B0E6-4AC1-91B4-79A4B3E11666}.Release|x64.ActiveCfg = Release|x64
		{636059AC-B0E6-4AC1-91B4-79A4B3E11666}.Release|x64.Build.0 = Release|x64
		{636059AC-B0E6-4AC1-91B4-79A4B3E11666}.Release|x86.ActiveCfg = Release|Win32
		{636059AC-B0E6-4AC1-91B4-79A4B3E11666}.Release|x86.Build.0 = Release|Win32
	EndGlobalSection
	GlobalSection(SolutionProperties) = preSolution
		HideSolutionNode = FALSE
	EndGlobalSection
	GlobalSection(ExtensibilityGlobals) = postSolution
		SolutionGuid = {347B5615-7D68-4B23-BC9F-26F0FEB76575}
	EndGlobalSection
EndGlobal
